// !$*UTF8*$!
{
	archiveVersion = 1;
	classes = {
	};
	objectVersion = 55;
	objects = {

/* Begin PBXBuildFile section */
		7D4C17F42745519600BC1E0E /* MenuHeaderView.swift in Sources */ = {isa = PBXBuildFile; fileRef = 7D4C17F32745519600BC1E0E /* MenuHeaderView.swift */; };
		7D4C17F62745571400BC1E0E /* CityView.swift in Sources */ = {isa = PBXBuildFile; fileRef = 7D4C17F52745571400BC1E0E /* CityView.swift */; };
		7D4C17F827455F3B00BC1E0E /* CityNameView.swift in Sources */ = {isa = PBXBuildFile; fileRef = 7D4C17F727455F3B00BC1E0E /* CityNameView.swift */; };
		7D8577032742AE5F00F8C3F9 /* dayClearSky.json in Resources */ = {isa = PBXBuildFile; fileRef = 7D8576F32742AE5E00F8C3F9 /* dayClearSky.json */; };
		7D8577042742AE5F00F8C3F9 /* dayRain.json in Resources */ = {isa = PBXBuildFile; fileRef = 7D8576F42742AE5E00F8C3F9 /* dayRain.json */; };
		7D8577052742AE5F00F8C3F9 /* nightScatteredClouds.json in Resources */ = {isa = PBXBuildFile; fileRef = 7D8576F52742AE5E00F8C3F9 /* nightScatteredClouds.json */; };
		7D8577062742AE5F00F8C3F9 /* daySnow.json in Resources */ = {isa = PBXBuildFile; fileRef = 7D8576F62742AE5E00F8C3F9 /* daySnow.json */; };
		7D8577072742AE5F00F8C3F9 /* dayThunderstorm.json in Resources */ = {isa = PBXBuildFile; fileRef = 7D8576F72742AE5E00F8C3F9 /* dayThunderstorm.json */; };
		7D8577082742AE5F00F8C3F9 /* nightShowers.json in Resources */ = {isa = PBXBuildFile; fileRef = 7D8576F82742AE5E00F8C3F9 /* nightShowers.json */; };
		7D8577092742AE5F00F8C3F9 /* dayShowerRains.json in Resources */ = {isa = PBXBuildFile; fileRef = 7D8576F92742AE5E00F8C3F9 /* dayShowerRains.json */; };
		7D85770A2742AE5F00F8C3F9 /* nightClearSky.json in Resources */ = {isa = PBXBuildFile; fileRef = 7D8576FA2742AE5F00F8C3F9 /* nightClearSky.json */; };
		7D85770B2742AE5F00F8C3F9 /* nightSnow.json in Resources */ = {isa = PBXBuildFile; fileRef = 7D8576FB2742AE5F00F8C3F9 /* nightSnow.json */; };
		7D85770C2742AE5F00F8C3F9 /* nightThunderstorm.json in Resources */ = {isa = PBXBuildFile; fileRef = 7D8576FC2742AE5F00F8C3F9 /* nightThunderstorm.json */; };
		7D85770D2742AE5F00F8C3F9 /* dayMist.json in Resources */ = {isa = PBXBuildFile; fileRef = 7D8576FD2742AE5F00F8C3F9 /* dayMist.json */; };
		7D85770E2742AE5F00F8C3F9 /* nightMist.json in Resources */ = {isa = PBXBuildFile; fileRef = 7D8576FE2742AE5F00F8C3F9 /* nightMist.json */; };
		7D85770F2742AE5F00F8C3F9 /* nightFewClouds.json in Resources */ = {isa = PBXBuildFile; fileRef = 7D8576FF2742AE5F00F8C3F9 /* nightFewClouds.json */; };
		7D8577102742AE5F00F8C3F9 /* nightBrokenClouds.json in Resources */ = {isa = PBXBuildFile; fileRef = 7D8577002742AE5F00F8C3F9 /* nightBrokenClouds.json */; };
		7D8577112742AE5F00F8C3F9 /* dayScatteredClouds.json in Resources */ = {isa = PBXBuildFile; fileRef = 7D8577012742AE5F00F8C3F9 /* dayScatteredClouds.json */; };
		7D8577122742AE5F00F8C3F9 /* nightRain.json in Resources */ = {isa = PBXBuildFile; fileRef = 7D8577022742AE5F00F8C3F9 /* nightRain.json */; };
		7D8577152742B42F00F8C3F9 /* Lottie in Frameworks */ = {isa = PBXBuildFile; productRef = 7D8577142742B42F00F8C3F9 /* Lottie */; };
		7D85774F2742BCB300F8C3F9 /* LottieView.swift in Sources */ = {isa = PBXBuildFile; fileRef = 7D85774E2742BCB300F8C3F9 /* LottieView.swift */; };
		7D8E2AE8273C1BB100C39310 /* WeatherForcaseApp.swift in Sources */ = {isa = PBXBuildFile; fileRef = 7D8E2AE7273C1BB100C39310 /* WeatherForcaseApp.swift */; };
		7D8E2AEA273C1BB100C39310 /* ContentView.swift in Sources */ = {isa = PBXBuildFile; fileRef = 7D8E2AE9273C1BB100C39310 /* ContentView.swift */; };
		7D8E2AEC273C1BB300C39310 /* Assets.xcassets in Resources */ = {isa = PBXBuildFile; fileRef = 7D8E2AEB273C1BB300C39310 /* Assets.xcassets */; };
		7D8E2AEF273C1BB300C39310 /* Preview Assets.xcassets in Resources */ = {isa = PBXBuildFile; fileRef = 7D8E2AEE273C1BB300C39310 /* Preview Assets.xcassets */; };
		7D8E2AFB273C23C000C39310 /* API.swift in Sources */ = {isa = PBXBuildFile; fileRef = 7D8E2AFA273C23C000C39310 /* API.swift */; };
		7D8E2AFD273C251A00C39310 /* API+Extension.swift in Sources */ = {isa = PBXBuildFile; fileRef = 7D8E2AFC273C251900C39310 /* API+Extension.swift */; };
		7D8E2AFF273C284500C39310 /* NetworkManager.swift in Sources */ = {isa = PBXBuildFile; fileRef = 7D8E2AFE273C284500C39310 /* NetworkManager.swift */; };
		7D8E2B01273C2C6D00C39310 /* WeatherResponse.swift in Sources */ = {isa = PBXBuildFile; fileRef = 7D8E2B00273C2C6D00C39310 /* WeatherResponse.swift */; };
		7D8E2B03273C2D6500C39310 /* Weather.swift in Sources */ = {isa = PBXBuildFile; fileRef = 7D8E2B02273C2D6500C39310 /* Weather.swift */; };
		7D8E2B05273C2D8300C39310 /* WeatherDetail.swift in Sources */ = {isa = PBXBuildFile; fileRef = 7D8E2B04273C2D8300C39310 /* WeatherDetail.swift */; };
		7D8E2B07273C2D9400C39310 /* DailyWeather.swift in Sources */ = {isa = PBXBuildFile; fileRef = 7D8E2B06273C2D9400C39310 /* DailyWeather.swift */; };
		7D8E2B09273C2DA900C39310 /* Temperature.swift in Sources */ = {isa = PBXBuildFile; fileRef = 7D8E2B08273C2DA900C39310 /* Temperature.swift */; };
		7D91E96D273D67A3008AB851 /* CityViewViewModel.swift in Sources */ = {isa = PBXBuildFile; fileRef = 7D91E96C273D67A3008AB851 /* CityViewViewModel.swift */; };
		7DF4159F2746A113005FFDE8 /* TodayWeatherView.swift in Sources */ = {isa = PBXBuildFile; fileRef = 7DF4159E2746A113005FFDE8 /* TodayWeatherView.swift */; };
		7DF415A12746B1B3005FFDE8 /* HourlyWeatherView.swift in Sources */ = {isa = PBXBuildFile; fileRef = 7DF415A02746B1B3005FFDE8 /* HourlyWeatherView.swift */; };
		7DF415A32746B606005FFDE8 /* DailyWeatherView.swift in Sources */ = {isa = PBXBuildFile; fileRef = 7DF415A22746B606005FFDE8 /* DailyWeatherView.swift */; };
/* End PBXBuildFile section */

/* Begin PBXFileReference section */
		7D4C17F32745519600BC1E0E /* MenuHeaderView.swift */ = {isa = PBXFileReference; lastKnownFileType = sourcecode.swift; path = MenuHeaderView.swift; sourceTree = "<group>"; };
		7D4C17F52745571400BC1E0E /* CityView.swift */ = {isa = PBXFileReference; lastKnownFileType = sourcecode.swift; path = CityView.swift; sourceTree = "<group>"; };
		7D4C17F727455F3B00BC1E0E /* CityNameView.swift */ = {isa = PBXFileReference; lastKnownFileType = sourcecode.swift; path = CityNameView.swift; sourceTree = "<group>"; };
		7D8576F32742AE5E00F8C3F9 /* dayClearSky.json */ = {isa = PBXFileReference; fileEncoding = 4; lastKnownFileType = text.json; path = dayClearSky.json; sourceTree = "<group>"; };
		7D8576F42742AE5E00F8C3F9 /* dayRain.json */ = {isa = PBXFileReference; fileEncoding = 4; lastKnownFileType = text.json; path = dayRain.json; sourceTree = "<group>"; };
		7D8576F52742AE5E00F8C3F9 /* nightScatteredClouds.json */ = {isa = PBXFileReference; fileEncoding = 4; lastKnownFileType = text.json; path = nightScatteredClouds.json; sourceTree = "<group>"; };
		7D8576F62742AE5E00F8C3F9 /* daySnow.json */ = {isa = PBXFileReference; fileEncoding = 4; lastKnownFileType = text.json; path = daySnow.json; sourceTree = "<group>"; };
		7D8576F72742AE5E00F8C3F9 /* dayThunderstorm.json */ = {isa = PBXFileReference; fileEncoding = 4; lastKnownFileType = text.json; path = dayThunderstorm.json; sourceTree = "<group>"; };
		7D8576F82742AE5E00F8C3F9 /* nightShowers.json */ = {isa = PBXFileReference; fileEncoding = 4; lastKnownFileType = text.json; path = nightShowers.json; sourceTree = "<group>"; };
		7D8576F92742AE5E00F8C3F9 /* dayShowerRains.json */ = {isa = PBXFileReference; fileEncoding = 4; lastKnownFileType = text.json; path = dayShowerRains.json; sourceTree = "<group>"; };
		7D8576FA2742AE5F00F8C3F9 /* nightClearSky.json */ = {isa = PBXFileReference; fileEncoding = 4; lastKnownFileType = text.json; path = nightClearSky.json; sourceTree = "<group>"; };
		7D8576FB2742AE5F00F8C3F9 /* nightSnow.json */ = {isa = PBXFileReference; fileEncoding = 4; lastKnownFileType = text.json; path = nightSnow.json; sourceTree = "<group>"; };
		7D8576FC2742AE5F00F8C3F9 /* nightThunderstorm.json */ = {isa = PBXFileReference; fileEncoding = 4; lastKnownFileType = text.json; path = nightThunderstorm.json; sourceTree = "<group>"; };
		7D8576FD2742AE5F00F8C3F9 /* dayMist.json */ = {isa = PBXFileReference; fileEncoding = 4; lastKnownFileType = text.json; path = dayMist.json; sourceTree = "<group>"; };
		7D8576FE2742AE5F00F8C3F9 /* nightMist.json */ = {isa = PBXFileReference; fileEncoding = 4; lastKnownFileType = text.json; path = nightMist.json; sourceTree = "<group>"; };
		7D8576FF2742AE5F00F8C3F9 /* nightFewClouds.json */ = {isa = PBXFileReference; fileEncoding = 4; lastKnownFileType = text.json; path = nightFewClouds.json; sourceTree = "<group>"; };
		7D8577002742AE5F00F8C3F9 /* nightBrokenClouds.json */ = {isa = PBXFileReference; fileEncoding = 4; lastKnownFileType = text.json; path = nightBrokenClouds.json; sourceTree = "<group>"; };
		7D8577012742AE5F00F8C3F9 /* dayScatteredClouds.json */ = {isa = PBXFileReference; fileEncoding = 4; lastKnownFileType = text.json; path = dayScatteredClouds.json; sourceTree = "<group>"; };
		7D8577022742AE5F00F8C3F9 /* nightRain.json */ = {isa = PBXFileReference; fileEncoding = 4; lastKnownFileType = text.json; path = nightRain.json; sourceTree = "<group>"; };
		7D85774E2742BCB300F8C3F9 /* LottieView.swift */ = {isa = PBXFileReference; lastKnownFileType = sourcecode.swift; path = LottieView.swift; sourceTree = "<group>"; };
		7D8E2AE4273C1BB100C39310 /* WeatherForcase.app */ = {isa = PBXFileReference; explicitFileType = wrapper.application; includeInIndex = 0; path = WeatherForcase.app; sourceTree = BUILT_PRODUCTS_DIR; };
		7D8E2AE7273C1BB100C39310 /* WeatherForcaseApp.swift */ = {isa = PBXFileReference; lastKnownFileType = sourcecode.swift; path = WeatherForcaseApp.swift; sourceTree = "<group>"; };
		7D8E2AE9273C1BB100C39310 /* ContentView.swift */ = {isa = PBXFileReference; lastKnownFileType = sourcecode.swift; path = ContentView.swift; sourceTree = "<group>"; };
		7D8E2AEB273C1BB300C39310 /* Assets.xcassets */ = {isa = PBXFileReference; lastKnownFileType = folder.assetcatalog; path = Assets.xcassets; sourceTree = "<group>"; };
		7D8E2AEE273C1BB300C39310 /* Preview Assets.xcassets */ = {isa = PBXFileReference; lastKnownFileType = folder.assetcatalog; path = "Preview Assets.xcassets"; sourceTree = "<group>"; };
		7D8E2AFA273C23C000C39310 /* API.swift */ = {isa = PBXFileReference; lastKnownFileType = sourcecode.swift; path = API.swift; sourceTree = "<group>"; };
		7D8E2AFC273C251900C39310 /* API+Extension.swift */ = {isa = PBXFileReference; lastKnownFileType = sourcecode.swift; path = "API+Extension.swift"; sourceTree = "<group>"; };
		7D8E2AFE273C284500C39310 /* NetworkManager.swift */ = {isa = PBXFileReference; lastKnownFileType = sourcecode.swift; path = NetworkManager.swift; sourceTree = "<group>"; };
		7D8E2B00273C2C6D00C39310 /* WeatherResponse.swift */ = {isa = PBXFileReference; lastKnownFileType = sourcecode.swift; path = WeatherResponse.swift; sourceTree = "<group>"; };
		7D8E2B02273C2D6500C39310 /* Weather.swift */ = {isa = PBXFileReference; lastKnownFileType = sourcecode.swift; path = Weather.swift; sourceTree = "<group>"; };
		7D8E2B04273C2D8300C39310 /* WeatherDetail.swift */ = {isa = PBXFileReference; lastKnownFileType = sourcecode.swift; path = WeatherDetail.swift; sourceTree = "<group>"; };
		7D8E2B06273C2D9400C39310 /* DailyWeather.swift */ = {isa = PBXFileReference; lastKnownFileType = sourcecode.swift; path = DailyWeather.swift; sourceTree = "<group>"; };
		7D8E2B08273C2DA900C39310 /* Temperature.swift */ = {isa = PBXFileReference; lastKnownFileType = sourcecode.swift; path = Temperature.swift; sourceTree = "<group>"; };
		7D91E96C273D67A3008AB851 /* CityViewViewModel.swift */ = {isa = PBXFileReference; lastKnownFileType = sourcecode.swift; path = CityViewViewModel.swift; sourceTree = "<group>"; };
		7DF4159E2746A113005FFDE8 /* TodayWeatherView.swift */ = {isa = PBXFileReference; lastKnownFileType = sourcecode.swift; path = TodayWeatherView.swift; sourceTree = "<group>"; };
		7DF415A02746B1B3005FFDE8 /* HourlyWeatherView.swift */ = {isa = PBXFileReference; lastKnownFileType = sourcecode.swift; path = HourlyWeatherView.swift; sourceTree = "<group>"; };
		7DF415A22746B606005FFDE8 /* DailyWeatherView.swift */ = {isa = PBXFileReference; lastKnownFileType = sourcecode.swift; path = DailyWeatherView.swift; sourceTree = "<group>"; };
/* End PBXFileReference section */

/* Begin PBXFrameworksBuildPhase section */
		7D8E2AE1273C1BB100C39310 /* Frameworks */ = {
			isa = PBXFrameworksBuildPhase;
			buildActionMask = 2147483647;
			files = (
				7D8577152742B42F00F8C3F9 /* Lottie in Frameworks */,
			);
			runOnlyForDeploymentPostprocessing = 0;
		};
/* End PBXFrameworksBuildPhase section */

/* Begin PBXGroup section */
		7D8E2ADB273C1BB100C39310 = {
			isa = PBXGroup;
			children = (
				7D8E2AE6273C1BB100C39310 /* WeatherForcase */,
				7D8E2AE5273C1BB100C39310 /* Products */,
			);
			sourceTree = "<group>";
		};
		7D8E2AE5273C1BB100C39310 /* Products */ = {
			isa = PBXGroup;
			children = (
				7D8E2AE4273C1BB100C39310 /* WeatherForcase.app */,
			);
			name = Products;
			sourceTree = "<group>";
		};
		7D8E2AE6273C1BB100C39310 /* WeatherForcase */ = {
			isa = PBXGroup;
			children = (
				7D8E2AF9273C1BCF00C39310 /* LottieAnimation */,
				7D8E2AF8273C1BCC00C39310 /* Model */,
				7D8E2AF7273C1BCA00C39310 /* View */,
				7D8E2AF6273C1BC800C39310 /* ViewModel */,
				7D8E2AF5273C1BC500C39310 /* Networking */,
				7D8E2AE7273C1BB100C39310 /* WeatherForcaseApp.swift */,
				7D8E2AEB273C1BB300C39310 /* Assets.xcassets */,
				7D8E2AED273C1BB300C39310 /* Preview Content */,
			);
			path = WeatherForcase;
			sourceTree = "<group>";
		};
		7D8E2AED273C1BB300C39310 /* Preview Content */ = {
			isa = PBXGroup;
			children = (
				7D8E2AEE273C1BB300C39310 /* Preview Assets.xcassets */,
			);
			path = "Preview Content";
			sourceTree = "<group>";
		};
		7D8E2AF5273C1BC500C39310 /* Networking */ = {
			isa = PBXGroup;
			children = (
				7D8E2AFA273C23C000C39310 /* API.swift */,
				7D8E2AFC273C251900C39310 /* API+Extension.swift */,
				7D8E2AFE273C284500C39310 /* NetworkManager.swift */,
			);
			path = Networking;
			sourceTree = "<group>";
		};
		7D8E2AF6273C1BC800C39310 /* ViewModel */ = {
			isa = PBXGroup;
			children = (
				7D91E96C273D67A3008AB851 /* CityViewViewModel.swift */,
			);
			path = ViewModel;
			sourceTree = "<group>";
		};
		7D8E2AF7273C1BCA00C39310 /* View */ = {
			isa = PBXGroup;
			children = (
				7D8E2AE9273C1BB100C39310 /* ContentView.swift */,
				7D85774E2742BCB300F8C3F9 /* LottieView.swift */,
				7D4C17F32745519600BC1E0E /* MenuHeaderView.swift */,
				7D4C17F52745571400BC1E0E /* CityView.swift */,
				7D4C17F727455F3B00BC1E0E /* CityNameView.swift */,
				7DF4159E2746A113005FFDE8 /* TodayWeatherView.swift */,
				7DF415A02746B1B3005FFDE8 /* HourlyWeatherView.swift */,
				7DF415A22746B606005FFDE8 /* DailyWeatherView.swift */,
			);
			path = View;
			sourceTree = "<group>";
		};
		7D8E2AF8273C1BCC00C39310 /* Model */ = {
			isa = PBXGroup;
			children = (
				7D8E2B00273C2C6D00C39310 /* WeatherResponse.swift */,
				7D8E2B02273C2D6500C39310 /* Weather.swift */,
				7D8E2B04273C2D8300C39310 /* WeatherDetail.swift */,
				7D8E2B06273C2D9400C39310 /* DailyWeather.swift */,
				7D8E2B08273C2DA900C39310 /* Temperature.swift */,
			);
			path = Model;
			sourceTree = "<group>";
		};
		7D8E2AF9273C1BCF00C39310 /* LottieAnimation */ = {
			isa = PBXGroup;
			children = (
				7D8576F32742AE5E00F8C3F9 /* dayClearSky.json */,
				7D8576FD2742AE5F00F8C3F9 /* dayMist.json */,
				7D8576F42742AE5E00F8C3F9 /* dayRain.json */,
				7D8577012742AE5F00F8C3F9 /* dayScatteredClouds.json */,
				7D8576F92742AE5E00F8C3F9 /* dayShowerRains.json */,
				7D8576F62742AE5E00F8C3F9 /* daySnow.json */,
				7D8576F72742AE5E00F8C3F9 /* dayThunderstorm.json */,
				7D8577002742AE5F00F8C3F9 /* nightBrokenClouds.json */,
				7D8576FA2742AE5F00F8C3F9 /* nightClearSky.json */,
				7D8576FF2742AE5F00F8C3F9 /* nightFewClouds.json */,
				7D8576FE2742AE5F00F8C3F9 /* nightMist.json */,
				7D8577022742AE5F00F8C3F9 /* nightRain.json */,
				7D8576F52742AE5E00F8C3F9 /* nightScatteredClouds.json */,
				7D8576F82742AE5E00F8C3F9 /* nightShowers.json */,
				7D8576FB2742AE5F00F8C3F9 /* nightSnow.json */,
				7D8576FC2742AE5F00F8C3F9 /* nightThunderstorm.json */,
			);
			path = LottieAnimation;
			sourceTree = "<group>";
		};
/* End PBXGroup section */

/* Begin PBXNativeTarget section */
		7D8E2AE3273C1BB100C39310 /* WeatherForcase */ = {
			isa = PBXNativeTarget;
			buildConfigurationList = 7D8E2AF2273C1BB300C39310 /* Build configuration list for PBXNativeTarget "WeatherForcase" */;
			buildPhases = (
				7D8E2AE0273C1BB100C39310 /* Sources */,
				7D8E2AE1273C1BB100C39310 /* Frameworks */,
				7D8E2AE2273C1BB100C39310 /* Resources */,
			);
			buildRules = (
			);
			dependencies = (
			);
			name = WeatherForcase;
			packageProductDependencies = (
				7D8577142742B42F00F8C3F9 /* Lottie */,
			);
			productName = WeatherForcase;
			productReference = 7D8E2AE4273C1BB100C39310 /* WeatherForcase.app */;
			productType = "com.apple.product-type.application";
		};
/* End PBXNativeTarget section */

/* Begin PBXProject section */
		7D8E2ADC273C1BB100C39310 /* Project object */ = {
			isa = PBXProject;
			attributes = {
				BuildIndependentTargetsInParallel = 1;
				LastSwiftUpdateCheck = 1300;
				LastUpgradeCheck = 1300;
				TargetAttributes = {
					7D8E2AE3273C1BB100C39310 = {
						CreatedOnToolsVersion = 13.0;
					};
				};
			};
			buildConfigurationList = 7D8E2ADF273C1BB100C39310 /* Build configuration list for PBXProject "WeatherForcase" */;
			compatibilityVersion = "Xcode 13.0";
			developmentRegion = en;
			hasScannedForEncodings = 0;
			knownRegions = (
				en,
				Base,
			);
			mainGroup = 7D8E2ADB273C1BB100C39310;
			packageReferences = (
				7D8577132742B42F00F8C3F9 /* XCRemoteSwiftPackageReference "lottie-ios" */,
			);
			productRefGroup = 7D8E2AE5273C1BB100C39310 /* Products */;
			projectDirPath = "";
			projectRoot = "";
			targets = (
				7D8E2AE3273C1BB100C39310 /* WeatherForcase */,
			);
		};
/* End PBXProject section */

/* Begin PBXResourcesBuildPhase section */
		7D8E2AE2273C1BB100C39310 /* Resources */ = {
			isa = PBXResourcesBuildPhase;
			buildActionMask = 2147483647;
			files = (
				7D8577052742AE5F00F8C3F9 /* nightScatteredClouds.json in Resources */,
				7D8577042742AE5F00F8C3F9 /* dayRain.json in Resources */,
				7D85770D2742AE5F00F8C3F9 /* dayMist.json in Resources */,
				7D8577102742AE5F00F8C3F9 /* nightBrokenClouds.json in Resources */,
				7D85770E2742AE5F00F8C3F9 /* nightMist.json in Resources */,
				7D8577072742AE5F00F8C3F9 /* dayThunderstorm.json in Resources */,
				7D8E2AEF273C1BB300C39310 /* Preview Assets.xcassets in Resources */,
				7D8577062742AE5F00F8C3F9 /* daySnow.json in Resources */,
				7D8E2AEC273C1BB300C39310 /* Assets.xcassets in Resources */,
				7D85770A2742AE5F00F8C3F9 /* nightClearSky.json in Resources */,
				7D8577122742AE5F00F8C3F9 /* nightRain.json in Resources */,
				7D85770C2742AE5F00F8C3F9 /* nightThunderstorm.json in Resources */,
				7D85770F2742AE5F00F8C3F9 /* nightFewClouds.json in Resources */,
				7D8577092742AE5F00F8C3F9 /* dayShowerRains.json in Resources */,
				7D8577082742AE5F00F8C3F9 /* nightShowers.json in Resources */,
				7D8577112742AE5F00F8C3F9 /* dayScatteredClouds.json in Resources */,
				7D8577032742AE5F00F8C3F9 /* dayClearSky.json in Resources */,
				7D85770B2742AE5F00F8C3F9 /* nightSnow.json in Resources */,
			);
			runOnlyForDeploymentPostprocessing = 0;
		};
/* End PBXResourcesBuildPhase section */

/* Begin PBXSourcesBuildPhase section */
		7D8E2AE0273C1BB100C39310 /* Sources */ = {
			isa = PBXSourcesBuildPhase;
			buildActionMask = 2147483647;
			files = (
				7DF415A12746B1B3005FFDE8 /* HourlyWeatherView.swift in Sources */,
				7DF415A32746B606005FFDE8 /* DailyWeatherView.swift in Sources */,
				7D8E2AFD273C251A00C39310 /* API+Extension.swift in Sources */,
				7D91E96D273D67A3008AB851 /* CityViewViewModel.swift in Sources */,
				7D4C17F827455F3B00BC1E0E /* CityNameView.swift in Sources */,
				7D8E2B05273C2D8300C39310 /* WeatherDetail.swift in Sources */,
				7D8E2B01273C2C6D00C39310 /* WeatherResponse.swift in Sources */,
				7D8E2AEA273C1BB100C39310 /* ContentView.swift in Sources */,
				7D4C17F62745571400BC1E0E /* CityView.swift in Sources */,
				7D8E2AFF273C284500C39310 /* NetworkManager.swift in Sources */,
				7D8E2AFB273C23C000C39310 /* API.swift in Sources */,
				7D4C17F42745519600BC1E0E /* MenuHeaderView.swift in Sources */,
				7D8E2AE8273C1BB100C39310 /* WeatherForcaseApp.swift in Sources */,
				7D8E2B03273C2D6500C39310 /* Weather.swift in Sources */,
				7D8E2B09273C2DA900C39310 /* Temperature.swift in Sources */,
				7DF4159F2746A113005FFDE8 /* TodayWeatherView.swift in Sources */,
				7D8E2B07273C2D9400C39310 /* DailyWeather.swift in Sources */,
				7D85774F2742BCB300F8C3F9 /* LottieView.swift in Sources */,
			);
			runOnlyForDeploymentPostprocessing = 0;
		};
/* End PBXSourcesBuildPhase section */

/* Begin XCBuildConfiguration section */
		7D8E2AF0273C1BB300C39310 /* Debug */ = {
			isa = XCBuildConfiguration;
			buildSettings = {
				ALWAYS_SEARCH_USER_PATHS = NO;
				CLANG_ANALYZER_NONNULL = YES;
				CLANG_ANALYZER_NUMBER_OBJECT_CONVERSION = YES_AGGRESSIVE;
				CLANG_CXX_LANGUAGE_STANDARD = "gnu++17";
				CLANG_CXX_LIBRARY = "libc++";
				CLANG_ENABLE_MODULES = YES;
				CLANG_ENABLE_OBJC_ARC = YES;
				CLANG_ENABLE_OBJC_WEAK = YES;
				CLANG_WARN_BLOCK_CAPTURE_AUTORELEASING = YES;
				CLANG_WARN_BOOL_CONVERSION = YES;
				CLANG_WARN_COMMA = YES;
				CLANG_WARN_CONSTANT_CONVERSION = YES;
				CLANG_WARN_DEPRECATED_OBJC_IMPLEMENTATIONS = YES;
				CLANG_WARN_DIRECT_OBJC_ISA_USAGE = YES_ERROR;
				CLANG_WARN_DOCUMENTATION_COMMENTS = YES;
				CLANG_WARN_EMPTY_BODY = YES;
				CLANG_WARN_ENUM_CONVERSION = YES;
				CLANG_WARN_INFINITE_RECURSION = YES;
				CLANG_WARN_INT_CONVERSION = YES;
				CLANG_WARN_NON_LITERAL_NULL_CONVERSION = YES;
				CLANG_WARN_OBJC_IMPLICIT_RETAIN_SELF = YES;
				CLANG_WARN_OBJC_LITERAL_CONVERSION = YES;
				CLANG_WARN_OBJC_ROOT_CLASS = YES_ERROR;
				CLANG_WARN_QUOTED_INCLUDE_IN_FRAMEWORK_HEADER = YES;
				CLANG_WARN_RANGE_LOOP_ANALYSIS = YES;
				CLANG_WARN_STRICT_PROTOTYPES = YES;
				CLANG_WARN_SUSPICIOUS_MOVE = YES;
				CLANG_WARN_UNGUARDED_AVAILABILITY = YES_AGGRESSIVE;
				CLANG_WARN_UNREACHABLE_CODE = YES;
				CLANG_WARN__DUPLICATE_METHOD_MATCH = YES;
				COPY_PHASE_STRIP = NO;
				DEBUG_INFORMATION_FORMAT = dwarf;
				ENABLE_STRICT_OBJC_MSGSEND = YES;
				ENABLE_TESTABILITY = YES;
				GCC_C_LANGUAGE_STANDARD = gnu11;
				GCC_DYNAMIC_NO_PIC = NO;
				GCC_NO_COMMON_BLOCKS = YES;
				GCC_OPTIMIZATION_LEVEL = 0;
				GCC_PREPROCESSOR_DEFINITIONS = (
					"DEBUG=1",
					"$(inherited)",
				);
				GCC_WARN_64_TO_32_BIT_CONVERSION = YES;
				GCC_WARN_ABOUT_RETURN_TYPE = YES_ERROR;
				GCC_WARN_UNDECLARED_SELECTOR = YES;
				GCC_WARN_UNINITIALIZED_AUTOS = YES_AGGRESSIVE;
				GCC_WARN_UNUSED_FUNCTION = YES;
				GCC_WARN_UNUSED_VARIABLE = YES;
				IPHONEOS_DEPLOYMENT_TARGET = 15.0;
				MTL_ENABLE_DEBUG_INFO = INCLUDE_SOURCE;
				MTL_FAST_MATH = YES;
				ONLY_ACTIVE_ARCH = YES;
				SDKROOT = iphoneos;
				SWIFT_ACTIVE_COMPILATION_CONDITIONS = DEBUG;
				SWIFT_OPTIMIZATION_LEVEL = "-Onone";
			};
			name = Debug;
		};
		7D8E2AF1273C1BB300C39310 /* Release */ = {
			isa = XCBuildConfiguration;
			buildSettings = {
				ALWAYS_SEARCH_USER_PATHS = NO;
				CLANG_ANALYZER_NONNULL = YES;
				CLANG_ANALYZER_NUMBER_OBJECT_CONVERSION = YES_AGGRESSIVE;
				CLANG_CXX_LANGUAGE_STANDARD = "gnu++17";
				CLANG_CXX_LIBRARY = "libc++";
				CLANG_ENABLE_MODULES = YES;
				CLANG_ENABLE_OBJC_ARC = YES;
				CLANG_ENABLE_OBJC_WEAK = YES;
				CLANG_WARN_BLOCK_CAPTURE_AUTORELEASING = YES;
				CLANG_WARN_BOOL_CONVERSION = YES;
				CLANG_WARN_COMMA = YES;
				CLANG_WARN_CONSTANT_CONVERSION = YES;
				CLANG_WARN_DEPRECATED_OBJC_IMPLEMENTATIONS = YES;
				CLANG_WARN_DIRECT_OBJC_ISA_USAGE = YES_ERROR;
				CLANG_WARN_DOCUMENTATION_COMMENTS = YES;
				CLANG_WARN_EMPTY_BODY = YES;
				CLANG_WARN_ENUM_CONVERSION = YES;
				CLANG_WARN_INFINITE_RECURSION = YES;
				CLANG_WARN_INT_CONVERSION = YES;
				CLANG_WARN_NON_LITERAL_NULL_CONVERSION = YES;
				CLANG_WARN_OBJC_IMPLICIT_RETAIN_SELF = YES;
				CLANG_WARN_OBJC_LITERAL_CONVERSION = YES;
				CLANG_WARN_OBJC_ROOT_CLASS = YES_ERROR;
				CLANG_WARN_QUOTED_INCLUDE_IN_FRAMEWORK_HEADER = YES;
				CLANG_WARN_RANGE_LOOP_ANALYSIS = YES;
				CLANG_WARN_STRICT_PROTOTYPES = YES;
				CLANG_WARN_SUSPICIOUS_MOVE = YES;
				CLANG_WARN_UNGUARDED_AVAILABILITY = YES_AGGRESSIVE;
				CLANG_WARN_UNREACHABLE_CODE = YES;
				CLANG_WARN__DUPLICATE_METHOD_MATCH = YES;
				COPY_PHASE_STRIP = NO;
				DEBUG_INFORMATION_FORMAT = "dwarf-with-dsym";
				ENABLE_NS_ASSERTIONS = NO;
				ENABLE_STRICT_OBJC_MSGSEND = YES;
				GCC_C_LANGUAGE_STANDARD = gnu11;
				GCC_NO_COMMON_BLOCKS = YES;
				GCC_WARN_64_TO_32_BIT_CONVERSION = YES;
				GCC_WARN_ABOUT_RETURN_TYPE = YES_ERROR;
				GCC_WARN_UNDECLARED_SELECTOR = YES;
				GCC_WARN_UNINITIALIZED_AUTOS = YES_AGGRESSIVE;
				GCC_WARN_UNUSED_FUNCTION = YES;
				GCC_WARN_UNUSED_VARIABLE = YES;
				IPHONEOS_DEPLOYMENT_TARGET = 15.0;
				MTL_ENABLE_DEBUG_INFO = NO;
				MTL_FAST_MATH = YES;
				SDKROOT = iphoneos;
				SWIFT_COMPILATION_MODE = wholemodule;
				SWIFT_OPTIMIZATION_LEVEL = "-O";
				VALIDATE_PRODUCT = YES;
			};
			name = Release;
		};
		7D8E2AF3273C1BB300C39310 /* Debug */ = {
			isa = XCBuildConfiguration;
			buildSettings = {
				ASSETCATALOG_COMPILER_APPICON_NAME = AppIcon;
				ASSETCATALOG_COMPILER_GLOBAL_ACCENT_COLOR_NAME = AccentColor;
				CODE_SIGN_STYLE = Automatic;
				CURRENT_PROJECT_VERSION = 1;
				DEVELOPMENT_ASSET_PATHS = "\"WeatherForcase/Preview Content\"";
				DEVELOPMENT_TEAM = WC4D2Y77WW;
				ENABLE_PREVIEWS = YES;
				GENERATE_INFOPLIST_FILE = YES;
				INFOPLIST_KEY_NSLocationWhenInUseUsageDescription = "This app requires your location for weather data";
				INFOPLIST_KEY_UIApplicationSceneManifest_Generation = YES;
				INFOPLIST_KEY_UIApplicationSupportsIndirectInputEvents = YES;
				INFOPLIST_KEY_UILaunchScreen_Generation = YES;
				INFOPLIST_KEY_UISupportedInterfaceOrientations_iPad = "UIInterfaceOrientationPortrait UIInterfaceOrientationPortraitUpsideDown UIInterfaceOrientationLandscapeLeft UIInterfaceOrientationLandscapeRight";
				INFOPLIST_KEY_UISupportedInterfaceOrientations_iPhone = "UIInterfaceOrientationPortrait UIInterfaceOrientationLandscapeLeft UIInterfaceOrientationLandscapeRight";
				IPHONEOS_DEPLOYMENT_TARGET = 14.0;
				LD_RUNPATH_SEARCH_PATHS = (
					"$(inherited)",
					"@executable_path/Frameworks",
				);
				MARKETING_VERSION = 1.0;
				PRODUCT_BUNDLE_IDENTIFIER = tulsatech.WeatherForcase;
				PRODUCT_NAME = "$(TARGET_NAME)";
				SWIFT_EMIT_LOC_STRINGS = YES;
				SWIFT_VERSION = 5.0;
				TARGETED_DEVICE_FAMILY = "1,2";
			};
			name = Debug;
		};
		7D8E2AF4273C1BB300C39310 /* Release */ = {
			isa = XCBuildConfiguration;
			buildSettings = {
				ASSETCATALOG_COMPILER_APPICON_NAME = AppIcon;
				ASSETCATALOG_COMPILER_GLOBAL_ACCENT_COLOR_NAME = AccentColor;
				CODE_SIGN_STYLE = Automatic;
				CURRENT_PROJECT_VERSION = 1;
				DEVELOPMENT_ASSET_PATHS = "\"WeatherForcase/Preview Content\"";
				DEVELOPMENT_TEAM = WC4D2Y77WW;
				ENABLE_PREVIEWS = YES;
				GENERATE_INFOPLIST_FILE = YES;
				INFOPLIST_KEY_NSLocationWhenInUseUsageDescription = "This app requires your location for weather data";
				INFOPLIST_KEY_UIApplicationSceneManifest_Generation = YES;
				INFOPLIST_KEY_UIApplicationSupportsIndirectInputEvents = YES;
				INFOPLIST_KEY_UILaunchScreen_Generation = YES;
				INFOPLIST_KEY_UISupportedInterfaceOrientations_iPad = "UIInterfaceOrientationPortrait UIInterfaceOrientationPortraitUpsideDown UIInterfaceOrientationLandscapeLeft UIInterfaceOrientationLandscapeRight";
				INFOPLIST_KEY_UISupportedInterfaceOrientations_iPhone = "UIInterfaceOrientationPortrait UIInterfaceOrientationLandscapeLeft UIInterfaceOrientationLandscapeRight";
				IPHONEOS_DEPLOYMENT_TARGET = 14.0;
				LD_RUNPATH_SEARCH_PATHS = (
					"$(inherited)",
					"@executable_path/Frameworks",
				);
				MARKETING_VERSION = 1.0;
				PRODUCT_BUNDLE_IDENTIFIER = tulsatech.WeatherForcase;
				PRODUCT_NAME = "$(TARGET_NAME)";
				SWIFT_EMIT_LOC_STRINGS = YES;
				SWIFT_VERSION = 5.0;
				TARGETED_DEVICE_FAMILY = "1,2";
			};
			name = Release;
		};
/* End XCBuildConfiguration section */

/* Begin XCConfigurationList section */
		7D8E2ADF273C1BB100C39310 /* Build configuration list for PBXProject "WeatherForcase" */ = {
			isa = XCConfigurationList;
			buildConfigurations = (
				7D8E2AF0273C1BB300C39310 /* Debug */,
				7D8E2AF1273C1BB300C39310 /* Release */,
			);
			defaultConfigurationIsVisible = 0;
			defaultConfigurationName = Release;
		};
		7D8E2AF2273C1BB300C39310 /* Build configuration list for PBXNativeTarget "WeatherForcase" */ = {
			isa = XCConfigurationList;
			buildConfigurations = (
				7D8E2AF3273C1BB300C39310 /* Debug */,
				7D8E2AF4273C1BB300C39310 /* Release */,
			);
			defaultConfigurationIsVisible = 0;
			defaultConfigurationName = Release;
		};
/* End XCConfigurationList section */

/* Begin XCRemoteSwiftPackageReference section */
		7D8577132742B42F00F8C3F9 /* XCRemoteSwiftPackageReference "lottie-ios" */ = {
			isa = XCRemoteSwiftPackageReference;
			repositoryURL = "https://github.com/airbnb/lottie-ios.git";
			requirement = {
				kind = upToNextMajorVersion;
				minimumVersion = 3.0.0;
			};
		};
/* End XCRemoteSwiftPackageReference section */

/* Begin XCSwiftPackageProductDependency section */
		7D8577142742B42F00F8C3F9 /* Lottie */ = {
			isa = XCSwiftPackageProductDependency;
			package = 7D8577132742B42F00F8C3F9 /* XCRemoteSwiftPackageReference "lottie-ios" */;
			productName = Lottie;
		};
/* End XCSwiftPackageProductDependency section */
	};
	rootObject = 7D8E2ADC273C1BB100C39310 /* Project object */;
}
